{
  "version": 4,
  "terraform_version": "0.14.5",
  "serial": 14,
  "lineage": "7881dff0-b892-9fb2-3e2e-8be5ea52b48f",
  "outputs": {
    "External_IP": {
      "value": "35.226.29.67",
      "type": "string"
    },
    "Internal_IP": {
      "value": "10.128.0.7",
      "type": "string"
    }
  },
  "resources": [
    {
      "mode": "managed",
      "type": "google_compute_instance",
      "name": "myvm1",
      "provider": "provider[\"registry.terraform.io/hashicorp/google\"]",
      "instances": [
        {
          "schema_version": 6,
          "attributes": {
            "allow_stopping_for_update": true,
            "attached_disk": [],
            "boot_disk": [
              {
                "auto_delete": true,
                "device_name": "persistent-disk-0",
                "disk_encryption_key_raw": "",
                "disk_encryption_key_sha256": "",
                "initialize_params": [
                  {
                    "image": "https://www.googleapis.com/compute/v1/projects/debian-cloud/global/images/debian-9-stretch-v20210217",
                    "labels": {},
                    "size": 10,
                    "type": "pd-standard"
                  }
                ],
                "kms_key_self_link": "",
                "mode": "READ_WRITE",
                "source": "https://www.googleapis.com/compute/v1/projects/test-30068/zones/us-central1-a/disks/myvm1"
              }
            ],
            "can_ip_forward": false,
            "confidential_instance_config": [],
            "cpu_platform": "Intel Haswell",
            "current_status": "RUNNING",
            "deletion_protection": false,
            "description": "",
            "desired_status": null,
            "enable_display": false,
            "guest_accelerator": [],
            "hostname": "myvm1.com",
            "id": "projects/test-30068/zones/us-central1-a/instances/myvm1",
            "instance_id": "7426871882530729548",
            "label_fingerprint": "_BxWWvO29iw=",
            "labels": {
              "dept": "it",
              "name": "myvm1",
              "os": "windows",
              "owner": "jeremy",
              "user": "jeremy"
            },
            "machine_type": "n1-standard-1",
            "metadata": {
              "foo": "bar"
            },
            "metadata_fingerprint": "_pzfLHHqurk=",
            "metadata_startup_script": "echo hi \u003e /test.txt",
            "min_cpu_platform": "",
            "name": "myvm1",
            "network_interface": [
              {
                "access_config": [
                  {
                    "nat_ip": "35.226.29.67",
                    "network_tier": "PREMIUM",
                    "public_ptr_domain_name": ""
                  }
                ],
                "alias_ip_range": [],
                "name": "nic0",
                "network": "https://www.googleapis.com/compute/v1/projects/test-30068/global/networks/default",
                "network_ip": "10.128.0.7",
                "subnetwork": "https://www.googleapis.com/compute/v1/projects/test-30068/regions/us-central1/subnetworks/default",
                "subnetwork_project": "test-30068"
              }
            ],
            "project": "test-30068",
            "resource_policies": [],
            "scheduling": [
              {
                "automatic_restart": true,
                "node_affinities": [],
                "on_host_maintenance": "MIGRATE",
                "preemptible": false
              }
            ],
            "scratch_disk": [
              {
                "interface": "SCSI"
              }
            ],
            "self_link": "https://www.googleapis.com/compute/v1/projects/test-30068/zones/us-central1-a/instances/myvm1",
            "service_account": [
              {
                "email": "685698194203-compute@developer.gserviceaccount.com",
                "scopes": [
                  "https://www.googleapis.com/auth/cloud-platform"
                ]
              }
            ],
            "shielded_instance_config": [],
            "tags": [
              "bar",
              "foo"
            ],
            "tags_fingerprint": "1gqCRgrww4E=",
            "timeouts": null,
            "zone": "us-central1-a"
          },
          "sensitive_attributes": [],
          "private": "eyJlMmJmYjczMC1lY2FhLTExZTYtOGY4OC0zNDM2M2JjN2M0YzAiOnsiY3JlYXRlIjoxMjAwMDAwMDAwMDAwLCJkZWxldGUiOjEyMDAwMDAwMDAwMDAsInVwZGF0ZSI6MTIwMDAwMDAwMDAwMH0sInNjaGVtYV92ZXJzaW9uIjoiNiJ9"
        }
      ]
    }
  ]
}
